// !$*UTF8*$!
{
	archiveVersion = 1;
	classes = {
	};
	objectVersion = 46;
	objects = {

/* Begin PBXBuildFile section */
		8E5351B71B1AF7AC0058533E /* AppDelegate.swift in Sources */ = {isa = PBXBuildFile; fileRef = 8E5351B61B1AF7AC0058533E /* AppDelegate.swift */; };
		8E5351B91B1AF7AC0058533E /* ViewController.swift in Sources */ = {isa = PBXBuildFile; fileRef = 8E5351B81B1AF7AC0058533E /* ViewController.swift */; };
		8E5351BC1B1AF7AC0058533E /* Main.storyboard in Resources */ = {isa = PBXBuildFile; fileRef = 8E5351BA1B1AF7AC0058533E /* Main.storyboard */; };
		8E5351BE1B1AF7AC0058533E /* Images.xcassets in Resources */ = {isa = PBXBuildFile; fileRef = 8E5351BD1B1AF7AC0058533E /* Images.xcassets */; };
		8E5351C11B1AF7AC0058533E /* LaunchScreen.xib in Resources */ = {isa = PBXBuildFile; fileRef = 8E5351BF1B1AF7AC0058533E /* LaunchScreen.xib */; };
		8E5351CD1B1AF7AC0058533E /* DiceTests.swift in Sources */ = {isa = PBXBuildFile; fileRef = 8E5351CC1B1AF7AC0058533E /* DiceTests.swift */; };
		8E5351DD1B1AF8AB0058533E /* dice1.png in Resources */ = {isa = PBXBuildFile; fileRef = 8E5351D71B1AF8AB0058533E /* dice1.png */; };
		8E5351DE1B1AF8AB0058533E /* dice2.png in Resources */ = {isa = PBXBuildFile; fileRef = 8E5351D81B1AF8AB0058533E /* dice2.png */; };
		8E5351DF1B1AF8AB0058533E /* dice3.png in Resources */ = {isa = PBXBuildFile; fileRef = 8E5351D91B1AF8AB0058533E /* dice3.png */; };
		8E5351E01B1AF8AB0058533E /* dice4.png in Resources */ = {isa = PBXBuildFile; fileRef = 8E5351DA1B1AF8AB0058533E /* dice4.png */; };
		8E5351E11B1AF8AB0058533E /* dice5.png in Resources */ = {isa = PBXBuildFile; fileRef = 8E5351DB1B1AF8AB0058533E /* dice5.png */; };
		8E5351E21B1AF8AB0058533E /* dice6.png in Resources */ = {isa = PBXBuildFile; fileRef = 8E5351DC1B1AF8AB0058533E /* dice6.png */; };
/* End PBXBuildFile section */

/* Begin PBXContainerItemProxy section */
		8E5351C71B1AF7AC0058533E /* PBXContainerItemProxy */ = {
			isa = PBXContainerItemProxy;
			containerPortal = 8E5351A91B1AF7AC0058533E /* Project object */;
			proxyType = 1;
			remoteGlobalIDString = 8E5351B01B1AF7AC0058533E;
			remoteInfo = Dice;
		};
/* End PBXContainerItemProxy section */

/* Begin PBXFileReference section */
		8E5351B11B1AF7AC0058533E /* Dice.app */ = {isa = PBXFileReference; explicitFileType = wrapper.application; includeInIndex = 0; path = Dice.app; sourceTree = BUILT_PRODUCTS_DIR; };
		8E5351B51B1AF7AC0058533E /* Info.plist */ = {isa = PBXFileReference; lastKnownFileType = text.plist.xml; path = Info.plist; sourceTree = "<group>"; };
		8E5351B61B1AF7AC0058533E /* AppDelegate.swift */ = {isa = PBXFileReference; lastKnownFileType = sourcecode.swift; path = AppDelegate.swift; sourceTree = "<group>"; };
		8E5351B81B1AF7AC0058533E /* ViewController.swift */ = {isa = PBXFileReference; lastKnownFileType = sourcecode.swift; path = ViewController.swift; sourceTree = "<group>"; };
		8E5351BB1B1AF7AC0058533E /* Base */ = {isa = PBXFileReference; lastKnownFileType = file.storyboard; name = Base; path = Base.lproj/Main.storyboard; sourceTree = "<group>"; };
		8E5351BD1B1AF7AC0058533E /* Images.xcassets */ = {isa = PBXFileReference; lastKnownFileType = folder.assetcatalog; path = Images.xcassets; sourceTree = "<group>"; };
		8E5351C01B1AF7AC0058533E /* Base */ = {isa = PBXFileReference; lastKnownFileType = file.xib; name = Base; path = Base.lproj/LaunchScreen.xib; sourceTree = "<group>"; };
		8E5351C61B1AF7AC0058533E /* DiceTests.xctest */ = {isa = PBXFileReference; explicitFileType = wrapper.cfbundle; includeInIndex = 0; path = DiceTests.xctest; sourceTree = BUILT_PRODUCTS_DIR; };
		8E5351CB1B1AF7AC0058533E /* Info.plist */ = {isa = PBXFileReference; lastKnownFileType = text.plist.xml; path = Info.plist; sourceTree = "<group>"; };
		8E5351CC1B1AF7AC0058533E /* DiceTests.swift */ = {isa = PBXFileReference; lastKnownFileType = sourcecode.swift; path = DiceTests.swift; sourceTree = "<group>"; };
		8E5351D71B1AF8AB0058533E /* dice1.png */ = {isa = PBXFileReference; lastKnownFileType = image.png; name = dice1.png; path = ../../../Resource/dice/dice1.png; sourceTree = "<group>"; };
		8E5351D81B1AF8AB0058533E /* dice2.png */ = {isa = PBXFileReference; lastKnownFileType = image.png; name = dice2.png; path = ../../../Resource/dice/dice2.png; sourceTree = "<group>"; };
		8E5351D91B1AF8AB0058533E /* dice3.png */ = {isa = PBXFileReference; lastKnownFileType = image.png; name = dice3.png; path = ../../../Resource/dice/dice3.png; sourceTree = "<group>"; };
		8E5351DA1B1AF8AB0058533E /* dice4.png */ = {isa = PBXFileReference; lastKnownFileType = image.png; name = dice4.png; path = ../../../Resource/dice/dice4.png; sourceTree = "<group>"; };
		8E5351DB1B1AF8AB0058533E /* dice5.png */ = {isa = PBXFileReference; lastKnownFileType = image.png; name = dice5.png; path = ../../../Resource/dice/dice5.png; sourceTree = "<group>"; };
		8E5351DC1B1AF8AB0058533E /* dice6.png */ = {isa = PBXFileReference; lastKnownFileType = image.png; name = dice6.png; path = ../../../Resource/dice/dice6.png; sourceTree = "<group>"; };
/* End PBXFileReference section */

/* Begin PBXFrameworksBuildPhase section */
		8E5351AE1B1AF7AC0058533E /* Frameworks */ = {
			isa = PBXFrameworksBuildPhase;
			buildActionMask = 2147483647;
			files = (
			);
			runOnlyForDeploymentPostprocessing = 0;
		};
		8E5351C31B1AF7AC0058533E /* Frameworks */ = {
			isa = PBXFrameworksBuildPhase;
			buildActionMask = 2147483647;
			files = (
			);
			runOnlyForDeploymentPostprocessing = 0;
		};
/* End PBXFrameworksBuildPhase section */

/* Begin PBXGroup section */
		8E5351A81B1AF7AC0058533E = {
			isa = PBXGroup;
			children = (
				8E5351B31B1AF7AC0058533E /* Dice */,
				8E5351C91B1AF7AC0058533E /* DiceTests */,
				8E5351B21B1AF7AC0058533E /* Products */,
			);
			sourceTree = "<group>";
		};
		8E5351B21B1AF7AC0058533E /* Products */ = {
			isa = PBXGroup;
			children = (
				8E5351B11B1AF7AC0058533E /* Dice.app */,
				8E5351C61B1AF7AC0058533E /* DiceTests.xctest */,
			);
			name = Products;
			sourceTree = "<group>";
		};
		8E5351B31B1AF7AC0058533E /* Dice */ = {
			isa = PBXGroup;
			children = (
				8E5351B61B1AF7AC0058533E /* AppDelegate.swift */,
				8E5351B81B1AF7AC0058533E /* ViewController.swift */,
				8E5351BA1B1AF7AC0058533E /* Main.storyboard */,
				8E5351BD1B1AF7AC0058533E /* Images.xcassets */,
				8E5351BF1B1AF7AC0058533E /* LaunchScreen.xib */,
				8E5351B41B1AF7AC0058533E /* Supporting Files */,
			);
			path = Dice;
			sourceTree = "<group>";
		};
		8E5351B41B1AF7AC0058533E /* Supporting Files */ = {
			isa = PBXGroup;
			children = (
				8E5351D61B1AF8300058533E /* Image */,
				8E5351B51B1AF7AC0058533E /* Info.plist */,
			);
			name = "Supporting Files";
			sourceTree = "<group>";
		};
		8E5351C91B1AF7AC0058533E /* DiceTests */ = {
			isa = PBXGroup;
			children = (
				8E5351CC1B1AF7AC0058533E /* DiceTests.swift */,
				8E5351CA1B1AF7AC0058533E /* Supporting Files */,
			);
			path = DiceTests;
			sourceTree = "<group>";
		};
		8E5351CA1B1AF7AC0058533E /* Supporting Files */ = {
			isa = PBXGroup;
			children = (
				8E5351CB1B1AF7AC0058533E /* Info.plist */,
			);
			name = "Supporting Files";
			sourceTree = "<group>";
		};
		8E5351D61B1AF8300058533E /* Image */ = {
			isa = PBXGroup;
			children = (
				8E5351D71B1AF8AB0058533E /* dice1.png */,
				8E5351D81B1AF8AB0058533E /* dice2.png */,
				8E5351D91B1AF8AB0058533E /* dice3.png */,
				8E5351DA1B1AF8AB0058533E /* dice4.png */,
				8E5351DB1B1AF8AB0058533E /* dice5.png */,
				8E5351DC1B1AF8AB0058533E /* dice6.png */,
			);
			name = Image;
			sourceTree = "<group>";
		};
/* End PBXGroup section */

/* Begin PBXNativeTarget section */
		8E5351B01B1AF7AC0058533E /* Dice */ = {
			isa = PBXNativeTarget;
			buildConfigurationList = 8E5351D01B1AF7AC0058533E /* Build configuration list for PBXNativeTarget "Dice" */;
			buildPhases = (
				8E5351AD1B1AF7AC0058533E /* Sources */,
				8E5351AE1B1AF7AC0058533E /* Frameworks */,
				8E5351AF1B1AF7AC0058533E /* Resources */,
			);
			buildRules = (
			);
			dependencies = (
			);
			name = Dice;
			productName = Dice;
			productReference = 8E5351B11B1AF7AC0058533E /* Dice.app */;
			productType = "com.apple.product-type.application";
		};
		8E5351C51B1AF7AC0058533E /* DiceTests */ = {
			isa = PBXNativeTarget;
			buildConfigurationList = 8E5351D31B1AF7AC0058533E /* Build configuration list for PBXNativeTarget "DiceTests" */;
			buildPhases = (
				8E5351C21B1AF7AC0058533E /* Sources */,
				8E5351C31B1AF7AC0058533E /* Frameworks */,
				8E5351C41B1AF7AC0058533E /* Resources */,
			);
			buildRules = (
			);
			dependencies = (
				8E5351C81B1AF7AC0058533E /* PBXTargetDependency */,
			);
			name = DiceTests;
			productName = DiceTests;
			productReference = 8E5351C61B1AF7AC0058533E /* DiceTests.xctest */;
			productType = "com.apple.product-type.bundle.unit-test";
		};
/* End PBXNativeTarget section */

/* Begin PBXProject section */
		8E5351A91B1AF7AC0058533E /* Project object */ = {
			isa = PBXProject;
			attributes = {
				LastUpgradeCheck = 0630;
				ORGANIZATIONNAME = "EWTC Institute";
				TargetAttributes = {
					8E5351B01B1AF7AC0058533E = {
						CreatedOnToolsVersion = 6.3.2;
					};
					8E5351C51B1AF7AC0058533E = {
						CreatedOnToolsVersion = 6.3.2;
						TestTargetID = 8E5351B01B1AF7AC0058533E;
					};
				};
			};
			buildConfigurationList = 8E5351AC1B1AF7AC0058533E /* Build configuration list for PBXProject "Dice" */;
			compatibilityVersion = "Xcode 3.2";
			developmentRegion = English;
			hasScannedForEncodings = 0;
			knownRegions = (
				en,
				Base,
			);
			mainGroup = 8E5351A81B1AF7AC0058533E;
			productRefGroup = 8E5351B21B1AF7AC0058533E /* Products */;
			projectDirPath = "";
			projectRoot = "";
			targets = (
				8E5351B01B1AF7AC0058533E /* Dice */,
				8E5351C51B1AF7AC0058533E /* DiceTests */,
			);
		};
/* End PBXProject section */

/* Begin PBXResourcesBuildPhase section */
		8E5351AF1B1AF7AC0058533E /* Resources */ = {
			isa = PBXResourcesBuildPhase;
			buildActionMask = 2147483647;
			files = (
				8E5351BC1B1AF7AC0058533E /* Main.storyboard in Resources */,
				8E5351C11B1AF7AC0058533E /* LaunchScreen.xib in Resources */,
				8E5351DE1B1AF8AB0058533E /* dice2.png in Resources */,
				8E5351DD1B1AF8AB0058533E /* dice1.png in Resources */,
				8E5351DF1B1AF8AB0058533E /* dice3.png in Resources */,
				8E5351BE1B1AF7AC0058533E /* Images.xcassets in Resources */,
				8E5351E11B1AF8AB0058533E /* dice5.png in Resources */,
				8E5351E21B1AF8AB0058533E /* dice6.png in Resources */,
				8E5351E01B1AF8AB0058533E /* dice4.png in Resources */,
			);
			runOnlyForDeploymentPostprocessing = 0;
		};
		8E5351C41B1AF7AC0058533E /* Resources */ = {
			isa = PBXResourcesBuildPhase;
			buildActionMask = 2147483647;
			files = (
			);
			runOnlyForDeploymentPostprocessing = 0;
		};
/* End PBXResourcesBuildPhase section */

/* Begin PBXSourcesBuildPhase section */
		8E5351AD1B1AF7AC0058533E /* Sources */ = {
			isa = PBXSourcesBuildPhase;
			buildActionMask = 2147483647;
			files = (
				8E5351B91B1AF7AC0058533E /* ViewController.swift in Sources */,
				8E5351B71B1AF7AC0058533E /* AppDelegate.swift in Sources */,
			);
			runOnlyForDeploymentPostprocessing = 0;
		};
		8E5351C21B1AF7AC0058533E /* Sources */ = {
			isa = PBXSourcesBuildPhase;
			buildActionMask = 2147483647;
			files = (
				8E5351CD1B1AF7AC0058533E /* DiceTests.swift in Sources */,
			);
			runOnlyForDeploymentPostprocessing = 0;
		};
/* End PBXSourcesBuildPhase section */

/* Begin PBXTargetDependency section */
		8E5351C81B1AF7AC0058533E /* PBXTargetDependency */ = {
			isa = PBXTargetDependency;
			target = 8E5351B01B1AF7AC0058533E /* Dice */;
			targetProxy = 8E5351C71B1AF7AC0058533E /* PBXContainerItemProxy */;
		};
/* End PBXTargetDependency section */

/* Begin PBXVariantGroup section */
		8E5351BA1B1AF7AC0058533E /* Main.storyboard */ = {
			isa = PBXVariantGroup;
			children = (
				8E5351BB1B1AF7AC0058533E /* Base */,
			);
			name = Main.storyboard;
			sourceTree = "<group>";
		};
		8E5351BF1B1AF7AC0058533E /* LaunchScreen.xib */ = {
			isa = PBXVariantGroup;
			children = (
				8E5351C01B1AF7AC0058533E /* Base */,
			);
			name = LaunchScreen.xib;
			sourceTree = "<group>";
		};
/* End PBXVariantGroup section */

/* Begin XCBuildConfiguration section */
		8E5351CE1B1AF7AC0058533E /* Debug */ = {
			isa = XCBuildConfiguration;
			buildSettings = {
				ALWAYS_SEARCH_USER_PATHS = NO;
				CLANG_CXX_LANGUAGE_STANDARD = "gnu++0x";
				CLANG_CXX_LIBRARY = "libc++";
				CLANG_ENABLE_MODULES = YES;
				CLANG_ENABLE_OBJC_ARC = YES;
				CLANG_WARN_BOOL_CONVERSION = YES;
				CLANG_WARN_CONSTANT_CONVERSION = YES;
				CLANG_WARN_DIRECT_OBJC_ISA_USAGE = YES_ERROR;
				CLANG_WARN_EMPTY_BODY = YES;
				CLANG_WARN_ENUM_CONVERSION = YES;
				CLANG_WARN_INT_CONVERSION = YES;
				CLANG_WARN_OBJC_ROOT_CLASS = YES_ERROR;
				CLANG_WARN_UNREACHABLE_CODE = YES;
				CLANG_WARN__DUPLICATE_METHOD_MATCH = YES;
				"CODE_SIGN_IDENTITY[sdk=iphoneos*]" = "iPhone Developer";
				COPY_PHASE_STRIP = NO;
				DEBUG_INFORMATION_FORMAT = "dwarf-with-dsym";
				ENABLE_STRICT_OBJC_MSGSEND = YES;
				GCC_C_LANGUAGE_STANDARD = gnu99;
				GCC_DYNAMIC_NO_PIC = NO;
				GCC_NO_COMMON_BLOCKS = YES;
				GCC_OPTIMIZATION_LEVEL = 0;
				GCC_PREPROCESSOR_DEFINITIONS = (
					"DEBUG=1",
					"$(inherited)",
				);
				GCC_SYMBOLS_PRIVATE_EXTERN = NO;
				GCC_WARN_64_TO_32_BIT_CONVERSION = YES;
				GCC_WARN_ABOUT_RETURN_TYPE = YES_ERROR;
				GCC_WARN_UNDECLARED_SELECTOR = YES;
				GCC_WARN_UNINITIALIZED_AUTOS = YES_AGGRESSIVE;
				GCC_WARN_UNUSED_FUNCTION = YES;
				GCC_WARN_UNUSED_VARIABLE = YES;
				IPHONEOS_DEPLOYMENT_TARGET = 8.3;
				MTL_ENABLE_DEBUG_INFO = YES;
				ONLY_ACTIVE_ARCH = YES;
				SDKROOT = iphoneos;
				SWIFT_OPTIMIZATION_LEVEL = "-Onone";
				TARGETED_DEVICE_FAMILY = "1,2";
			};
			name = Debug;
		};
		8E5351CF1B1AF7AC0058533E /* Release */ = {
			isa = XCBuildConfiguration;
			buildSettings = {
				ALWAYS_SEARCH_USER_PATHS = NO;
				CLANG_CXX_LANGUAGE_STANDARD = "gnu++0x";
				CLANG_CXX_LIBRARY = "libc++";
				CLANG_ENABLE_MODULES = YES;
				CLANG_ENABLE_OBJC_ARC = YES;
				CLANG_WARN_BOOL_CONVERSION = YES;
				CLANG_WARN_CONSTANT_CONVERSION = YES;
				CLANG_WARN_DIRECT_OBJC_ISA_USAGE = YES_ERROR;
				CLANG_WARN_EMPTY_BODY = YES;
				CLANG_WARN_ENUM_CONVERSION = YES;
				CLANG_WARN_INT_CONVERSION = YES;
				CLANG_WARN_OBJC_ROOT_CLASS = YES_ERROR;
				CLANG_WARN_UNREACHABLE_CODE = YES;
				CLANG_WARN__DUPLICATE_METHOD_MATCH = YES;
				"CODE_SIGN_IDENTITY[sdk=iphoneos*]" = "iPhone Developer";
				COPY_PHASE_STRIP = NO;
				DEBUG_INFORMATION_FORMAT = "dwarf-with-dsym";
				ENABLE_NS_ASSERTIONS = NO;
				ENABLE_STRICT_OBJC_MSGSEND = YES;
				GCC_C_LANGUAGE_STANDARD = gnu99;
				GCC_NO_COMMON_BLOCKS = YES;
				GCC_WARN_64_TO_32_BIT_CONVERSION = YES;
				GCC_WARN_ABOUT_RETURN_TYPE = YES_ERROR;
				GCC_WARN_UNDECLARED_SELECTOR = YES;
				GCC_WARN_UNINITIALIZED_AUTOS = YES_AGGRESSIVE;
				GCC_WARN_UNUSED_FUNCTION = YES;
				GCC_WARN_UNUSED_VARIABLE = YES;
				IPHONEOS_DEPLOYMENT_TARGET = 8.3;
				MTL_ENABLE_DEBUG_INFO = NO;
				SDKROOT = iphoneos;
				TARGETED_DEVICE_FAMILY = "1,2";
				VALIDATE_PRODUCT = YES;
			};
			name = Release;
		};
		8E5351D11B1AF7AC0058533E /* Debug */ = {
			isa = XCBuildConfiguration;
			buildSettings = {
				ASSETCATALOG_COMPILER_APPICON_NAME = AppIcon;
				INFOPLIST_FILE = Dice/Info.plist;
				LD_RUNPATH_SEARCH_PATHS = "$(inherited) @executable_path/Frameworks";
				PRODUCT_NAME = "$(TARGET_NAME)";
			};
			name = Debug;
		};
		8E5351D21B1AF7AC0058533E /* Release */ = {
			isa = XCBuildConfiguration;
			buildSettings = {
				ASSETCATALOG_COMPILER_APPICON_NAME = AppIcon;
				INFOPLIST_FILE = Dice/Info.plist;
				LD_RUNPATH_SEARCH_PATHS = "$(inherited) @executable_path/Frameworks";
				PRODUCT_NAME = "$(TARGET_NAME)";
			};
			name = Release;
		};
		8E5351D41B1AF7AC0058533E /* Debug */ = {
			isa = XCBuildConfiguration;
			buildSettings = {
				BUNDLE_LOADER = "$(TEST_HOST)";
				FRAMEWORK_SEARCH_PATHS = (
					"$(SDKROOT)/Developer/Library/Frameworks",
					"$(inherited)",
				);
				GCC_PREPROCESSOR_DEFINITIONS = (
					"DEBUG=1",
					"$(inherited)",
				);
				INFOPLIST_FILE = DiceTests/Info.plist;
				LD_RUNPATH_SEARCH_PATHS = "$(inherited) @executable_path/Frameworks @loader_path/Frameworks";
				PRODUCT_NAME = "$(TARGET_NAME)";
				TEST_HOST = "$(BUILT_PRODUCTS_DIR)/Dice.app/Dice";
			};
			name = Debug;
		};
		8E5351D51B1AF7AC0058533E /* Release */ = {
			isa = XCBuildConfiguration;
			buildSettings = {
				BUNDLE_LOADER = "$(TEST_HOST)";
				FRAMEWORK_SEARCH_PATHS = (
					"$(SDKROOT)/Developer/Library/Frameworks",
					"$(inherited)",
				);
				INFOPLIST_FILE = DiceTests/Info.plist;
				LD_RUNPATH_SEARCH_PATHS = "$(inherited) @executable_path/Frameworks @loader_path/Frameworks";
				PRODUCT_NAME = "$(TARGET_NAME)";
				TEST_HOST = "$(BUILT_PRODUCTS_DIR)/Dice.app/Dice";
			};
			name = Release;
		};
/* End XCBuildConfiguration section */

/* Begin XCConfigurationList section */
		8E5351AC1B1AF7AC0058533E /* Build configuration list for PBXProject "Dice" */ = {
			isa = XCConfigurationList;
			buildConfigurations = (
				8E5351CE1B1AF7AC0058533E /* Debug */,
				8E5351CF1B1AF7AC0058533E /* Release */,
			);
			defaultConfigurationIsVisible = 0;
			defaultConfigurationName = Release;
		};
		8E5351D01B1AF7AC0058533E /* Build configuration list for PBXNativeTarget "Dice" */ = {
			isa = XCConfigurationList;
			buildConfigurations = (
				8E5351D11B1AF7AC0058533E /* Debug */,
				8E5351D21B1AF7AC0058533E /* Release */,
			);
			defaultConfigurationIsVisible = 0;
		};
		8E5351D31B1AF7AC0058533E /* Build configuration list for PBXNativeTarget "DiceTests" */ = {
			isa = XCConfigurationList;
			buildConfigurations = (
				8E5351D41B1AF7AC0058533E /* Debug */,
				8E5351D51B1AF7AC0058533E /* Release */,
			);
			defaultConfigurationIsVisible = 0;
		};
/* End XCConfigurationList section */
	};
	rootObject = 8E5351A91B1AF7AC0058533E /* Project object */;
}
